// !$*UTF8*$!
{
	archiveVersion = 1;
	classes = {
	};
	objectVersion = 46;
	objects = {

/* Begin PBXAggregateTarget section */
		AC4E46BD09C2E173006B7E1B /* Build All */ = {
			isa = PBXAggregateTarget;
			buildConfigurationList = AC4E46BE09C2E191006B7E1B /* Build configuration list for PBXAggregateTarget "Build All" */;
			buildPhases = (
			);
			dependencies = (
				AC4E46C609C2E201006B7E1B /* PBXTargetDependency */,
			);
			name = "Build All";
			productName = "Build All";
		};
/* End PBXAggregateTarget section */

/* Begin PBXBuildFile section */
		E88354D314C8A475003BD009 /* XPlaneArduino.c in Sources */ = {isa = PBXBuildFile; fileRef = E88354D114C8A36C003BD009 /* XPlaneArduino.c */; };
/* End PBXBuildFile section */

/* Begin PBXContainerItemProxy section */
		AC4E46C509C2E201006B7E1B /* PBXContainerItemProxy */ = {
			isa = PBXContainerItemProxy;
			containerPortal = D607B16109A5563100699BC3 /* Project object */;
			proxyType = 1;
			remoteGlobalIDString = D607B19809A556E400699BC3;
			remoteInfo = HelloWorld;
		};
/* End PBXContainerItemProxy section */

/* Begin PBXFileReference section */
		E88354D114C8A36C003BD009 /* XPlaneArduino.c */ = {isa = PBXFileReference; fileEncoding = 4; lastKnownFileType = sourcecode.c.c; path = XPlaneArduino.c; sourceTree = "<group>"; };
		E88354D514C8A5A8003BD009 /* XPlaneArduino.xpl */ = {isa = PBXFileReference; explicitFileType = "compiled.mach-o.dylib"; includeInIndex = 0; path = XPlaneArduino.xpl; sourceTree = BUILT_PRODUCTS_DIR; };
/* End PBXFileReference section */

/* Begin PBXFrameworksBuildPhase section */
		D607B19709A556E400699BC3 /* Frameworks */ = {
			isa = PBXFrameworksBuildPhase;
			buildActionMask = 2147483647;
			files = (
			);
			runOnlyForDeploymentPostprocessing = 0;
		};
/* End PBXFrameworksBuildPhase section */

/* Begin PBXGroup section */
		AC4E46B809C2E0B3006B7E1B /* Source */ = {
			isa = PBXGroup;
			children = (
				AC4E46B909C2E0D2006B7E1B /* XPlaneArduino */,
			);
			name = Source;
			sourceTree = "<group>";
		};
		AC4E46B909C2E0D2006B7E1B /* XPlaneArduino */ = {
			isa = PBXGroup;
			children = (
				E88354D114C8A36C003BD009 /* XPlaneArduino.c */,
			);
			name = XPlaneArduino;
			sourceTree = "<group>";
		};
		D607B15F09A5563000699BC3 = {
			isa = PBXGroup;
			children = (
				AC4E46B809C2E0B3006B7E1B /* Source */,
				E88354D514C8A5A8003BD009 /* XPlaneArduino.xpl */,
			);
			sourceTree = "<group>";
		};
/* End PBXGroup section */

/* Begin PBXNativeTarget section */
		D607B19809A556E400699BC3 /* XPlaneArduino */ = {
			isa = PBXNativeTarget;
			buildConfigurationList = D607B19B09A556E400699BC3 /* Build configuration list for PBXNativeTarget "XPlaneArduino" */;
			buildPhases = (
				D607B19609A556E400699BC3 /* Sources */,
				D607B19709A556E400699BC3 /* Frameworks */,
			);
			buildRules = (
			);
			dependencies = (
			);
			name = XPlaneArduino;
			productName = StarterPlugin;
			productReference = E88354D514C8A5A8003BD009 /* XPlaneArduino.xpl */;
			productType = "com.apple.product-type.library.dynamic";
		};
/* End PBXNativeTarget section */

/* Begin PBXProject section */
		D607B16109A5563100699BC3 /* Project object */ = {
			isa = PBXProject;
			attributes = {
				LastUpgradeCheck = 0420;
			};
			buildConfigurationList = D607B16209A5563100699BC3 /* Build configuration list for PBXProject "XPlaneArduino" */;
			compatibilityVersion = "Xcode 3.2";
			developmentRegion = English;
			hasScannedForEncodings = 0;
			knownRegions = (
				en,
			);
			mainGroup = D607B15F09A5563000699BC3;
			productRefGroup = D607B15F09A5563000699BC3;
			projectDirPath = "";
			projectRoot = "";
			targets = (
				AC4E46BD09C2E173006B7E1B /* Build All */,
				D607B19809A556E400699BC3 /* XPlaneArduino */,
			);
		};
/* End PBXProject section */

/* Begin PBXSourcesBuildPhase section */
		D607B19609A556E400699BC3 /* Sources */ = {
			isa = PBXSourcesBuildPhase;
			buildActionMask = 2147483647;
			files = (
				E88354D314C8A475003BD009 /* XPlaneArduino.c in Sources */,
			);
			runOnlyForDeploymentPostprocessing = 0;
		};
/* End PBXSourcesBuildPhase section */

/* Begin PBXTargetDependency section */
		AC4E46C609C2E201006B7E1B /* PBXTargetDependency */ = {
			isa = PBXTargetDependency;
			target = D607B19809A556E400699BC3 /* XPlaneArduino */;
			targetProxy = AC4E46C509C2E201006B7E1B /* PBXContainerItemProxy */;
		};
/* End PBXTargetDependency section */

/* Begin XCBuildConfiguration section */
		AC4E46BF09C2E191006B7E1B /* Debug */ = {
			isa = XCBuildConfiguration;
			buildSettings = {
				COPY_PHASE_STRIP = NO;
				GCC_DYNAMIC_NO_PIC = NO;
				GCC_GENERATE_DEBUGGING_SYMBOLS = YES;
				GCC_OPTIMIZATION_LEVEL = 0;
				PRODUCT_NAME = "Build All";
			};
			name = Debug;
		};
		AC4E46C009C2E191006B7E1B /* Release */ = {
			isa = XCBuildConfiguration;
			buildSettings = {
				COPY_PHASE_STRIP = YES;
				GCC_GENERATE_DEBUGGING_SYMBOLS = NO;
				PRODUCT_NAME = "Build All";
				ZERO_LINK = NO;
			};
			name = Release;
		};
		D607B16309A5563100699BC3 /* Debug */ = {
			isa = XCBuildConfiguration;
			buildSettings = {
				EXECUTABLE_EXTENSION = xpl;
				GCC_PREPROCESSOR_DEFINITIONS = (
					"APL=1",
					"IBM=0",
					"LIN=0",
				);
				HEADER_SEARCH_PATHS = (
					"$(XPSDK_ROOT)/CHeaders/Widgets",
					"$(XPSDK_ROOT)/CHeaders/XPLM",
					"$(HEADER_SEARCH_PATHS)",
				);
				OTHER_LDFLAGS = (
					"$(OTHER_LDFLAGS)",
					"-flat_namespace",
					"-undefined",
					warning,
				);
				PRODUCT_NAME = "${TARGET_NAME}";
				XPSDK_ROOT = /Users/ignaciobona/Documents/MisDocumentos/ArduinoFlightSim/SDK;
			};
			name = Debug;
		};
		D607B16409A5563100699BC3 /* Release */ = {
			isa = XCBuildConfiguration;
			buildSettings = {
				ARCHS = (
					ppc,
					i386,
				);
				EXECUTABLE_EXTENSION = xpl;
				GCC_PREPROCESSOR_DEFINITIONS = (
					"APL=1",
					"IBM=0",
					"LIN=0",
				);
				HEADER_SEARCH_PATHS = (
					"$(XPSDK_ROOT)/CHeaders/Widgets",
					"$(XPSDK_ROOT)/CHeaders/XPLM",
					"$(HEADER_SEARCH_PATHS)",
				);
				OTHER_LDFLAGS = (
					"$(OTHER_LDFLAGS)",
					"-flat_namespace",
					"-undefined",
					warning,
				);
				PRODUCT_NAME = "${TARGET_NAME}";
				XPSDK_ROOT = /Users/ignaciobona/Documents/MisDocumentos/ArduinoFlightSim/SDK;
			};
			name = Release;
		};
		D607B19C09A556E400699BC3 /* Debug */ = {
			isa = XCBuildConfiguration;
			buildSettings = {
				ARCHS = (
					ppc,
					i386,
				);
				GCC_VERSION = com.apple.compilers.llvm.clang.1_0;
				XPSDK_ROOT = /Users/ignaciobona/Documents/MisDocumentos/ArduinoFlightSim/SDK;
			};
			name = Debug;
		};
		D607B19D09A556E400699BC3 /* Release */ = {
			isa = XCBuildConfiguration;
			buildSettings = {
				ARCHS = (
					ppc,
					i386,
				);
				GCC_VERSION = com.apple.compilers.llvm.clang.1_0;
				XPSDK_ROOT = /Users/ignaciobona/Documents/MisDocumentos/ArduinoFlightSim/SDK;
			};
			name = Release;
		};
/* End XCBuildConfiguration section */

/* Begin XCConfigurationList section */
		AC4E46BE09C2E191006B7E1B /* Build configuration list for PBXAggregateTarget "Build All" */ = {
			isa = XCConfigurationList;
			buildConfigurations = (
				AC4E46BF09C2E191006B7E1B /* Debug */,
				AC4E46C009C2E191006B7E1B /* Release */,
			);
			defaultConfigurationIsVisible = 0;
			defaultConfigurationName = Release;
		};
		D607B16209A5563100699BC3 /* Build configuration list for PBXProject "XPlaneArduino" */ = {
			isa = XCConfigurationList;
			buildConfigurations = (
				D607B16309A5563100699BC3 /* Debug */,
				D607B16409A5563100699BC3 /* Release */,
			);
			defaultConfigurationIsVisible = 0;
			defaultConfigurationName = Release;
		};
		D607B19B09A556E400699BC3 /* Build configuration list for PBXNativeTarget "XPlaneArduino" */ = {
			isa = XCConfigurationList;
			buildConfigurations = (
				D607B19C09A556E400699BC3 /* Debug */,
				D607B19D09A556E400699BC3 /* Release */,
			);
			defaultConfigurationIsVisible = 0;
			defaultConfigurationName = Release;
		};
/* End XCConfigurationList section */
	};
	rootObject = D607B16109A5563100699BC3 /* Project object */;
}
